
Microsoft Visual Studio Solution File, Format Version 12.00
# Visual Studio Version 16
VisualStudioVersion = 16.0.34031.81
MinimumVisualStudioVersion = 10.0.40219.1
Project("{2150E333-8FDC-42A3-9474-1A3956D46DE8}") = "Task0", "Task0", "{274CEC5F-5E9B-417A-B270-FE170B682F76}"
EndProject
Project("{FAE04EC0-301F-11D3-BF4B-00C04F79EFBC}") = "Tyuiu.SamarAA.Sprint2.Task0.V23", "Tyuiu.SamarAA.Sprint2.Task0.V23\Tyuiu.SamarAA.Sprint2.Task0.V23.csproj", "{627CDE1E-D8B8-4F91-9E10-B916569A4437}"
EndProject
Project("{FAE04EC0-301F-11D3-BF4B-00C04F79EFBC}") = "Tyuiu.SamarAA.Sprint2.Task0.V23.Lib", "Tyuiu.SamarAA.Sprint2.Task0.V23.Lib\Tyuiu.SamarAA.Sprint2.Task0.V23.Lib.csproj", "{2AA61504-AD9C-4DCA-83BB-A532456BF83C}"
EndProject
Project("{FAE04EC0-301F-11D3-BF4B-00C04F79EFBC}") = "Tyuiu.SamarAA.Sprint2.Task0.V23.Test", "Tyuiu.SamarAA.Sprint2.Task0.V23.Test\Tyuiu.SamarAA.Sprint2.Task0.V23.Test.csproj", "{84ADB19F-C71D-47A1-9A59-1A51B31D5C78}"
EndProject
Project("{2150E333-8FDC-42A3-9474-1A3956D46DE8}") = "Task1", "Task1", "{AF570E4A-B87F-4F89-803D-540ECFA38EF9}"
EndProject
Project("{FAE04EC0-301F-11D3-BF4B-00C04F79EFBC}") = "Tyuiu.SamarAA.Sprint2.Task1.V15", "Tyuiu.SamarAA.Sprint2.Task1.V15\Tyuiu.SamarAA.Sprint2.Task1.V15.csproj", "{9B78AF09-3589-49D0-9F39-9AE2BB447E1E}"
EndProject
Project("{FAE04EC0-301F-11D3-BF4B-00C04F79EFBC}") = "Tyuiu.SamarAA.Sprint2.Task1.V15.Lib", "Tyuiu.SamarAA.Sprint2.Task1.V15.Lib\Tyuiu.SamarAA.Sprint2.Task1.V15.Lib.csproj", "{35AE65A4-745E-492D-8B39-E39017575E08}"
EndProject
Project("{FAE04EC0-301F-11D3-BF4B-00C04F79EFBC}") = "Tyuiu.SamarAA.Sprint2.Task1.V15.Test", "Tyuiu.SamarAA.Sprint2.Task1.V15.Test\Tyuiu.SamarAA.Sprint2.Task1.V15.Test.csproj", "{5A30152B-F3CB-4841-A307-41E0A43C1423}"
EndProject
Project("{2150E333-8FDC-42A3-9474-1A3956D46DE8}") = "Task2", "Task2", "{25AD65F1-1B77-480E-A4C0-0C08EDBAA7C4}"
EndProject
Project("{FAE04EC0-301F-11D3-BF4B-00C04F79EFBC}") = "Tyuiu.SamarAA.Sprint2.Task2.V28", "Tyuiu.SamarAA.Sprint2.Task2.V28\Tyuiu.SamarAA.Sprint2.Task2.V28.csproj", "{F8910117-6716-4C5A-819B-29689A9462FB}"
EndProject
Project("{FAE04EC0-301F-11D3-BF4B-00C04F79EFBC}") = "Tyuiu.SamarAA.Sprint2.Task2.V28.Lib", "Tyuiu.SamarAA.Sprint2.Task2.V28.Lib\Tyuiu.SamarAA.Sprint2.Task2.V28.Lib.csproj", "{A1299D23-4F1F-4E9E-8FC1-B1AD4D2E8A90}"
EndProject
Project("{FAE04EC0-301F-11D3-BF4B-00C04F79EFBC}") = "Tyuiu.SamarAA.Sprint2.Task2.V28.Test", "Tyuiu.SamarAA.Sprint2.Task2.V28.Test\Tyuiu.SamarAA.Sprint2.Task2.V28.Test.csproj", "{F05EEBC6-7879-42B8-BAA0-9C539C39C369}"
EndProject
Project("{2150E333-8FDC-42A3-9474-1A3956D46DE8}") = "Task3", "Task3", "{B46617FC-AEE3-41D9-9C6F-E2CA4BC3EF45}"
EndProject
Project("{FAE04EC0-301F-11D3-BF4B-00C04F79EFBC}") = "Tyuiu.SamarAA.Sprint2.Task3.V2", "Tyuiu.SamarAA.Sprint2.Task3.V2\Tyuiu.SamarAA.Sprint2.Task3.V2.csproj", "{9EE5C654-19FF-44AE-8DD0-55D13769FDE4}"
EndProject
Project("{FAE04EC0-301F-11D3-BF4B-00C04F79EFBC}") = "Tyuiu.SamarAA.Sprint2.Task3.V2.Lib", "Tyuiu.SamarAA.Sprint2.Task3.V2.Lib\Tyuiu.SamarAA.Sprint2.Task3.V2.Lib.csproj", "{894B0521-8936-4091-AB8D-700908B6C57A}"
EndProject
Project("{FAE04EC0-301F-11D3-BF4B-00C04F79EFBC}") = "Tyuiu.SamarAA.Sprint2.Task3.V2.Test", "Tyuiu.SamarAA.Sprint2.Task3.V2.Test\Tyuiu.SamarAA.Sprint2.Task3.V2.Test.csproj", "{1C0E97FC-1BB5-4B9F-AEFF-40BDE48C3E26}"
EndProject
Project("{2150E333-8FDC-42A3-9474-1A3956D46DE8}") = "Task4", "Task4", "{55D15F6E-B05C-4BC4-9255-D3DF49AA51C7}"
EndProject
Project("{FAE04EC0-301F-11D3-BF4B-00C04F79EFBC}") = "Tyuiu.SamarAA.Sprint2.Task4.V3", "Tyuiu.SamarAA.Sprint2.Task4.V3\Tyuiu.SamarAA.Sprint2.Task4.V3.csproj", "{A24DC831-99F6-4A0F-8CA2-AD1571F65D20}"
EndProject
Project("{FAE04EC0-301F-11D3-BF4B-00C04F79EFBC}") = "Tyuiu.SamarAA.Sprint2.Task4.V3.Lib", "Tyuiu.SamarAA.Sprint2.Task4.V3.Lib\Tyuiu.SamarAA.Sprint2.Task4.V3.Lib.csproj", "{AE28E4EC-4B25-4E39-9468-90A2B5BC7BA0}"
EndProject
Project("{FAE04EC0-301F-11D3-BF4B-00C04F79EFBC}") = "Tyuiu.SamarAA.Sprint2.Task4.V3.Test", "Tyuiu.SamarAA.Sprint2.Task4.V3.Test\Tyuiu.SamarAA.Sprint2.Task4.V3.Test.csproj", "{E8A67396-585B-4763-868A-FFD3CE2EFD65}"
EndProject
Global
	GlobalSection(SolutionConfigurationPlatforms) = preSolution
		Debug|Any CPU = Debug|Any CPU
		Release|Any CPU = Release|Any CPU
	EndGlobalSection
	GlobalSection(ProjectConfigurationPlatforms) = postSolution
		{627CDE1E-D8B8-4F91-9E10-B916569A4437}.Debug|Any CPU.ActiveCfg = Debug|Any CPU
		{627CDE1E-D8B8-4F91-9E10-B916569A4437}.Debug|Any CPU.Build.0 = Debug|Any CPU
		{627CDE1E-D8B8-4F91-9E10-B916569A4437}.Release|Any CPU.ActiveCfg = Release|Any CPU
		{627CDE1E-D8B8-4F91-9E10-B916569A4437}.Release|Any CPU.Build.0 = Release|Any CPU
		{2AA61504-AD9C-4DCA-83BB-A532456BF83C}.Debug|Any CPU.ActiveCfg = Debug|Any CPU
		{2AA61504-AD9C-4DCA-83BB-A532456BF83C}.Debug|Any CPU.Build.0 = Debug|Any CPU
		{2AA61504-AD9C-4DCA-83BB-A532456BF83C}.Release|Any CPU.ActiveCfg = Release|Any CPU
		{2AA61504-AD9C-4DCA-83BB-A532456BF83C}.Release|Any CPU.Build.0 = Release|Any CPU
		{84ADB19F-C71D-47A1-9A59-1A51B31D5C78}.Debug|Any CPU.ActiveCfg = Debug|Any CPU
		{84ADB19F-C71D-47A1-9A59-1A51B31D5C78}.Debug|Any CPU.Build.0 = Debug|Any CPU
		{84ADB19F-C71D-47A1-9A59-1A51B31D5C78}.Release|Any CPU.ActiveCfg = Release|Any CPU
		{84ADB19F-C71D-47A1-9A59-1A51B31D5C78}.Release|Any CPU.Build.0 = Release|Any CPU
		{9B78AF09-3589-49D0-9F39-9AE2BB447E1E}.Debug|Any CPU.ActiveCfg = Debug|Any CPU
		{9B78AF09-3589-49D0-9F39-9AE2BB447E1E}.Debug|Any CPU.Build.0 = Debug|Any CPU
		{9B78AF09-3589-49D0-9F39-9AE2BB447E1E}.Release|Any CPU.ActiveCfg = Release|Any CPU
		{9B78AF09-3589-49D0-9F39-9AE2BB447E1E}.Release|Any CPU.Build.0 = Release|Any CPU
		{35AE65A4-745E-492D-8B39-E39017575E08}.Debug|Any CPU.ActiveCfg = Debug|Any CPU
		{35AE65A4-745E-492D-8B39-E39017575E08}.Debug|Any CPU.Build.0 = Debug|Any CPU
		{35AE65A4-745E-492D-8B39-E39017575E08}.Release|Any CPU.ActiveCfg = Release|Any CPU
		{35AE65A4-745E-492D-8B39-E39017575E08}.Release|Any CPU.Build.0 = Release|Any CPU
		{5A30152B-F3CB-4841-A307-41E0A43C1423}.Debug|Any CPU.ActiveCfg = Debug|Any CPU
		{5A30152B-F3CB-4841-A307-41E0A43C1423}.Debug|Any CPU.Build.0 = Debug|Any CPU
		{5A30152B-F3CB-4841-A307-41E0A43C1423}.Release|Any CPU.ActiveCfg = Release|Any CPU
		{5A30152B-F3CB-4841-A307-41E0A43C1423}.Release|Any CPU.Build.0 = Release|Any CPU
		{F8910117-6716-4C5A-819B-29689A9462FB}.Debug|Any CPU.ActiveCfg = Debug|Any CPU
		{F8910117-6716-4C5A-819B-29689A9462FB}.Debug|Any CPU.Build.0 = Debug|Any CPU
		{F8910117-6716-4C5A-819B-29689A9462FB}.Release|Any CPU.ActiveCfg = Release|Any CPU
		{F8910117-6716-4C5A-819B-29689A9462FB}.Release|Any CPU.Build.0 = Release|Any CPU
		{A1299D23-4F1F-4E9E-8FC1-B1AD4D2E8A90}.Debug|Any CPU.ActiveCfg = Debug|Any CPU
		{A1299D23-4F1F-4E9E-8FC1-B1AD4D2E8A90}.Debug|Any CPU.Build.0 = Debug|Any CPU
		{A1299D23-4F1F-4E9E-8FC1-B1AD4D2E8A90}.Release|Any CPU.ActiveCfg = Release|Any CPU
		{A1299D23-4F1F-4E9E-8FC1-B1AD4D2E8A90}.Release|Any CPU.Build.0 = Release|Any CPU
		{F05EEBC6-7879-42B8-BAA0-9C539C39C369}.Debug|Any CPU.ActiveCfg = Debug|Any CPU
		{F05EEBC6-7879-42B8-BAA0-9C539C39C369}.Debug|Any CPU.Build.0 = Debug|Any CPU
		{F05EEBC6-7879-42B8-BAA0-9C539C39C369}.Release|Any CPU.ActiveCfg = Release|Any CPU
		{F05EEBC6-7879-42B8-BAA0-9C539C39C369}.Release|Any CPU.Build.0 = Release|Any CPU
		{9EE5C654-19FF-44AE-8DD0-55D13769FDE4}.Debug|Any CPU.ActiveCfg = Debug|Any CPU
		{9EE5C654-19FF-44AE-8DD0-55D13769FDE4}.Debug|Any CPU.Build.0 = Debug|Any CPU
		{9EE5C654-19FF-44AE-8DD0-55D13769FDE4}.Release|Any CPU.ActiveCfg = Release|Any CPU
		{9EE5C654-19FF-44AE-8DD0-55D13769FDE4}.Release|Any CPU.Build.0 = Release|Any CPU
		{894B0521-8936-4091-AB8D-700908B6C57A}.Debug|Any CPU.ActiveCfg = Debug|Any CPU
		{894B0521-8936-4091-AB8D-700908B6C57A}.Debug|Any CPU.Build.0 = Debug|Any CPU
		{894B0521-8936-4091-AB8D-700908B6C57A}.Release|Any CPU.ActiveCfg = Release|Any CPU
		{894B0521-8936-4091-AB8D-700908B6C57A}.Release|Any CPU.Build.0 = Release|Any CPU
		{1C0E97FC-1BB5-4B9F-AEFF-40BDE48C3E26}.Debug|Any CPU.ActiveCfg = Debug|Any CPU
		{1C0E97FC-1BB5-4B9F-AEFF-40BDE48C3E26}.Debug|Any CPU.Build.0 = Debug|Any CPU
		{1C0E97FC-1BB5-4B9F-AEFF-40BDE48C3E26}.Release|Any CPU.ActiveCfg = Release|Any CPU
		{1C0E97FC-1BB5-4B9F-AEFF-40BDE48C3E26}.Release|Any CPU.Build.0 = Release|Any CPU
		{A24DC831-99F6-4A0F-8CA2-AD1571F65D20}.Debug|Any CPU.ActiveCfg = Debug|Any CPU
		{A24DC831-99F6-4A0F-8CA2-AD1571F65D20}.Debug|Any CPU.Build.0 = Debug|Any CPU
		{A24DC831-99F6-4A0F-8CA2-AD1571F65D20}.Release|Any CPU.ActiveCfg = Release|Any CPU
		{A24DC831-99F6-4A0F-8CA2-AD1571F65D20}.Release|Any CPU.Build.0 = Release|Any CPU
		{AE28E4EC-4B25-4E39-9468-90A2B5BC7BA0}.Debug|Any CPU.ActiveCfg = Debug|Any CPU
		{AE28E4EC-4B25-4E39-9468-90A2B5BC7BA0}.Debug|Any CPU.Build.0 = Debug|Any CPU
		{AE28E4EC-4B25-4E39-9468-90A2B5BC7BA0}.Release|Any CPU.ActiveCfg = Release|Any CPU
		{AE28E4EC-4B25-4E39-9468-90A2B5BC7BA0}.Release|Any CPU.Build.0 = Release|Any CPU
		{E8A67396-585B-4763-868A-FFD3CE2EFD65}.Debug|Any CPU.ActiveCfg = Debug|Any CPU
		{E8A67396-585B-4763-868A-FFD3CE2EFD65}.Debug|Any CPU.Build.0 = Debug|Any CPU
		{E8A67396-585B-4763-868A-FFD3CE2EFD65}.Release|Any CPU.ActiveCfg = Release|Any CPU
		{E8A67396-585B-4763-868A-FFD3CE2EFD65}.Release|Any CPU.Build.0 = Release|Any CPU
	EndGlobalSection
	GlobalSection(SolutionProperties) = preSolution
		HideSolutionNode = FALSE
	EndGlobalSection
	GlobalSection(NestedProjects) = preSolution
		{627CDE1E-D8B8-4F91-9E10-B916569A4437} = {274CEC5F-5E9B-417A-B270-FE170B682F76}
		{2AA61504-AD9C-4DCA-83BB-A532456BF83C} = {274CEC5F-5E9B-417A-B270-FE170B682F76}
		{84ADB19F-C71D-47A1-9A59-1A51B31D5C78} = {274CEC5F-5E9B-417A-B270-FE170B682F76}
		{9B78AF09-3589-49D0-9F39-9AE2BB447E1E} = {AF570E4A-B87F-4F89-803D-540ECFA38EF9}
		{35AE65A4-745E-492D-8B39-E39017575E08} = {AF570E4A-B87F-4F89-803D-540ECFA38EF9}
		{5A30152B-F3CB-4841-A307-41E0A43C1423} = {AF570E4A-B87F-4F89-803D-540ECFA38EF9}
		{F8910117-6716-4C5A-819B-29689A9462FB} = {25AD65F1-1B77-480E-A4C0-0C08EDBAA7C4}
		{A1299D23-4F1F-4E9E-8FC1-B1AD4D2E8A90} = {25AD65F1-1B77-480E-A4C0-0C08EDBAA7C4}
		{F05EEBC6-7879-42B8-BAA0-9C539C39C369} = {25AD65F1-1B77-480E-A4C0-0C08EDBAA7C4}
		{9EE5C654-19FF-44AE-8DD0-55D13769FDE4} = {B46617FC-AEE3-41D9-9C6F-E2CA4BC3EF45}
		{894B0521-8936-4091-AB8D-700908B6C57A} = {B46617FC-AEE3-41D9-9C6F-E2CA4BC3EF45}
		{1C0E97FC-1BB5-4B9F-AEFF-40BDE48C3E26} = {B46617FC-AEE3-41D9-9C6F-E2CA4BC3EF45}
		{A24DC831-99F6-4A0F-8CA2-AD1571F65D20} = {55D15F6E-B05C-4BC4-9255-D3DF49AA51C7}
		{AE28E4EC-4B25-4E39-9468-90A2B5BC7BA0} = {55D15F6E-B05C-4BC4-9255-D3DF49AA51C7}
		{E8A67396-585B-4763-868A-FFD3CE2EFD65} = {55D15F6E-B05C-4BC4-9255-D3DF49AA51C7}
	EndGlobalSection
	GlobalSection(ExtensibilityGlobals) = postSolution
		SolutionGuid = {ECA8DB4E-5F81-4428-9271-0853CDED4A0F}
	EndGlobalSection
EndGlobal
